
Microsoft Visual Studio Solution File, Format Version 11.00
# Visual Studio 2010
Project("{8BC9CEB8-8B4A-11D0-8D11-00A0C91BC942}") = "CapVideoTest", "CapVideoTest.vcxproj", "{2A6150C6-DD19-4F47-A662-70FC6BC93138}"
EndProject
Project("{8BC9CEB8-8B4A-11D0-8D11-00A0C91BC942}") = "scwlapi", "scwlapi\scwlapi.vcxproj", "{0FCC7CCE-E9F7-4F78-9F14-431216C84997}"
EndProject
Project("{8BC9CEB8-8B4A-11D0-8D11-00A0C91BC942}") = "blob", "blob\blob.vcxproj", "{7898EB8B-626E-4FB9-BD4B-23EDE25165A7}"
EndProject
Project("{8BC9CEB8-8B4A-11D0-8D11-00A0C91BC942}") = "detours", "detours\detours.vcxproj", "{26BF3555-F333-436A-9148-B12B0BFBC559}"
EndProject
Project("{8BC9CEB8-8B4A-11D0-8D11-00A0C91BC942}") = "DIDialog", "DIDialog\DIDialog.vcxproj", "{A3557AA0-33EB-484B-8C0E-E5640538D906}"
EndProject
Project("{8BC9CEB8-8B4A-11D0-8D11-00A0C91BC942}") = "capcall", "capcall\capcall.vcxproj", "{A0931B64-B6F5-4B44-BE51-2D73D51E2CC2}"
EndProject
Project("{8BC9CEB8-8B4A-11D0-8D11-00A0C91BC942}") = "victim", "victim\victim.vcxproj", "{9C01C252-D82F-4CCE-AF4E-629CF4CF82AC}"
EndProject
Global
	GlobalSection(SolutionConfigurationPlatforms) = preSolution
		Debug|Win32 = Debug|Win32
		Release|Win32 = Release|Win32
	EndGlobalSection
	GlobalSection(ProjectConfigurationPlatforms) = postSolution
		{2A6150C6-DD19-4F47-A662-70FC6BC93138}.Debug|Win32.ActiveCfg = Debug|Win32
		{2A6150C6-DD19-4F47-A662-70FC6BC93138}.Debug|Win32.Build.0 = Debug|Win32
		{2A6150C6-DD19-4F47-A662-70FC6BC93138}.Release|Win32.ActiveCfg = Release|Win32
		{2A6150C6-DD19-4F47-A662-70FC6BC93138}.Release|Win32.Build.0 = Release|Win32
		{0FCC7CCE-E9F7-4F78-9F14-431216C84997}.Debug|Win32.ActiveCfg = Debug|Win32
		{0FCC7CCE-E9F7-4F78-9F14-431216C84997}.Debug|Win32.Build.0 = Debug|Win32
		{0FCC7CCE-E9F7-4F78-9F14-431216C84997}.Release|Win32.ActiveCfg = Release|Win32
		{0FCC7CCE-E9F7-4F78-9F14-431216C84997}.Release|Win32.Build.0 = Release|Win32
		{7898EB8B-626E-4FB9-BD4B-23EDE25165A7}.Debug|Win32.ActiveCfg = Debug|Win32
		{7898EB8B-626E-4FB9-BD4B-23EDE25165A7}.Debug|Win32.Build.0 = Debug|Win32
		{7898EB8B-626E-4FB9-BD4B-23EDE25165A7}.Release|Win32.ActiveCfg = Release|Win32
		{7898EB8B-626E-4FB9-BD4B-23EDE25165A7}.Release|Win32.Build.0 = Release|Win32
		{26BF3555-F333-436A-9148-B12B0BFBC559}.Debug|Win32.ActiveCfg = Debug|Win32
		{26BF3555-F333-436A-9148-B12B0BFBC559}.Debug|Win32.Build.0 = Debug|Win32
		{26BF3555-F333-436A-9148-B12B0BFBC559}.Release|Win32.ActiveCfg = Release|Win32
		{26BF3555-F333-436A-9148-B12B0BFBC559}.Release|Win32.Build.0 = Release|Win32
		{A3557AA0-33EB-484B-8C0E-E5640538D906}.Debug|Win32.ActiveCfg = Debug|Win32
		{A3557AA0-33EB-484B-8C0E-E5640538D906}.Debug|Win32.Build.0 = Debug|Win32
		{A3557AA0-33EB-484B-8C0E-E5640538D906}.Release|Win32.ActiveCfg = Release|Win32
		{A3557AA0-33EB-484B-8C0E-E5640538D906}.Release|Win32.Build.0 = Release|Win32
		{A0931B64-B6F5-4B44-BE51-2D73D51E2CC2}.Debug|Win32.ActiveCfg = Debug|Win32
		{A0931B64-B6F5-4B44-BE51-2D73D51E2CC2}.Debug|Win32.Build.0 = Debug|Win32
		{A0931B64-B6F5-4B44-BE51-2D73D51E2CC2}.Release|Win32.ActiveCfg = Release|Win32
		{A0931B64-B6F5-4B44-BE51-2D73D51E2CC2}.Release|Win32.Build.0 = Release|Win32
		{9C01C252-D82F-4CCE-AF4E-629CF4CF82AC}.Debug|Win32.ActiveCfg = Debug|Win32
		{9C01C252-D82F-4CCE-AF4E-629CF4CF82AC}.Debug|Win32.Build.0 = Debug|Win32
		{9C01C252-D82F-4CCE-AF4E-629CF4CF82AC}.Release|Win32.ActiveCfg = Release|Win32
		{9C01C252-D82F-4CCE-AF4E-629CF4CF82AC}.Release|Win32.Build.0 = Release|Win32
	EndGlobalSection
	GlobalSection(SolutionProperties) = preSolution
		HideSolutionNode = FALSE
	EndGlobalSection
EndGlobal
