
Microsoft Visual Studio Solution File, Format Version 10.00
# Visual Studio 2008
Project("{8BC9CEB8-8B4A-11D0-8D11-00A0C91BC942}") = "kdclient", "kdclient.vcproj", "{C4B4BEBB-A28A-4C99-AAB7-49EAA35496AD}"
	ProjectSection(ProjectDependencies) = postProject
		{52A8644C-BF0C-4A6B-BEB5-18275E2E78F9} = {52A8644C-BF0C-4A6B-BEB5-18275E2E78F9}
	EndProjectSection
EndProject
Project("{8BC9CEB8-8B4A-11D0-8D11-00A0C91BC942}") = "vmxpatch", "..\vmxpatch\vmxpatch.vcproj", "{77E66498-2A95-4664-8A2D-7C8DC9AB63C1}"
	ProjectSection(ProjectDependencies) = postProject
		{C4B4BEBB-A28A-4C99-AAB7-49EAA35496AD} = {C4B4BEBB-A28A-4C99-AAB7-49EAA35496AD}
	EndProjectSection
EndProject
Project("{8BC9CEB8-8B4A-11D0-8D11-00A0C91BC942}") = "bzscmn", "..\..\..\..\sysprogs\bzslib\bzscmn\bzscmn.vcproj", "{7C57B250-1244-4154-B697-3E39F9AAEEE6}"
EndProject
Project("{8BC9CEB8-8B4A-11D0-8D11-00A0C91BC942}") = "bzswin", "..\..\..\..\sysprogs\bzslib\bzswin\bzswin.vcproj", "{52A8644C-BF0C-4A6B-BEB5-18275E2E78F9}"
EndProject
Global
	GlobalSection(SolutionConfigurationPlatforms) = preSolution
		Debug (Proxy mode)|Win32 = Debug (Proxy mode)|Win32
		Debug (Proxy mode)|x64 = Debug (Proxy mode)|x64
		Debug|Win32 = Debug|Win32
		Debug|x64 = Debug|x64
		Release|Win32 = Release|Win32
		Release|x64 = Release|x64
	EndGlobalSection
	GlobalSection(ProjectConfigurationPlatforms) = postSolution
		{C4B4BEBB-A28A-4C99-AAB7-49EAA35496AD}.Debug (Proxy mode)|Win32.ActiveCfg = Debug (Proxy mode)|Win32
		{C4B4BEBB-A28A-4C99-AAB7-49EAA35496AD}.Debug (Proxy mode)|Win32.Build.0 = Debug (Proxy mode)|Win32
		{C4B4BEBB-A28A-4C99-AAB7-49EAA35496AD}.Debug (Proxy mode)|x64.ActiveCfg = Debug (Proxy mode)|x64
		{C4B4BEBB-A28A-4C99-AAB7-49EAA35496AD}.Debug (Proxy mode)|x64.Build.0 = Debug (Proxy mode)|x64
		{C4B4BEBB-A28A-4C99-AAB7-49EAA35496AD}.Debug|Win32.ActiveCfg = Debug|Win32
		{C4B4BEBB-A28A-4C99-AAB7-49EAA35496AD}.Debug|Win32.Build.0 = Debug|Win32
		{C4B4BEBB-A28A-4C99-AAB7-49EAA35496AD}.Debug|x64.ActiveCfg = Debug|x64
		{C4B4BEBB-A28A-4C99-AAB7-49EAA35496AD}.Debug|x64.Build.0 = Debug|x64
		{C4B4BEBB-A28A-4C99-AAB7-49EAA35496AD}.Release|Win32.ActiveCfg = Release|Win32
		{C4B4BEBB-A28A-4C99-AAB7-49EAA35496AD}.Release|Win32.Build.0 = Release|Win32
		{C4B4BEBB-A28A-4C99-AAB7-49EAA35496AD}.Release|x64.ActiveCfg = Release|x64
		{C4B4BEBB-A28A-4C99-AAB7-49EAA35496AD}.Release|x64.Build.0 = Release|x64
		{77E66498-2A95-4664-8A2D-7C8DC9AB63C1}.Debug (Proxy mode)|Win32.ActiveCfg = Debug (Proxy mode)|Win32
		{77E66498-2A95-4664-8A2D-7C8DC9AB63C1}.Debug (Proxy mode)|Win32.Build.0 = Debug (Proxy mode)|Win32
		{77E66498-2A95-4664-8A2D-7C8DC9AB63C1}.Debug (Proxy mode)|x64.ActiveCfg = Debug|x64
		{77E66498-2A95-4664-8A2D-7C8DC9AB63C1}.Debug (Proxy mode)|x64.Build.0 = Debug|x64
		{77E66498-2A95-4664-8A2D-7C8DC9AB63C1}.Debug|Win32.ActiveCfg = Debug|Win32
		{77E66498-2A95-4664-8A2D-7C8DC9AB63C1}.Debug|Win32.Build.0 = Debug|Win32
		{77E66498-2A95-4664-8A2D-7C8DC9AB63C1}.Debug|x64.ActiveCfg = Debug|x64
		{77E66498-2A95-4664-8A2D-7C8DC9AB63C1}.Debug|x64.Build.0 = Debug|x64
		{77E66498-2A95-4664-8A2D-7C8DC9AB63C1}.Release|Win32.ActiveCfg = Release|Win32
		{77E66498-2A95-4664-8A2D-7C8DC9AB63C1}.Release|Win32.Build.0 = Release|Win32
		{77E66498-2A95-4664-8A2D-7C8DC9AB63C1}.Release|x64.ActiveCfg = Release|x64
		{77E66498-2A95-4664-8A2D-7C8DC9AB63C1}.Release|x64.Build.0 = Release|x64
		{7C57B250-1244-4154-B697-3E39F9AAEEE6}.Debug (Proxy mode)|Win32.ActiveCfg = Debug|Win32
		{7C57B250-1244-4154-B697-3E39F9AAEEE6}.Debug (Proxy mode)|Win32.Build.0 = Debug|Win32
		{7C57B250-1244-4154-B697-3E39F9AAEEE6}.Debug (Proxy mode)|x64.ActiveCfg = Debug (Proxy mode)|x64
		{7C57B250-1244-4154-B697-3E39F9AAEEE6}.Debug (Proxy mode)|x64.Build.0 = Debug (Proxy mode)|x64
		{7C57B250-1244-4154-B697-3E39F9AAEEE6}.Debug|Win32.ActiveCfg = Debug|Win32
		{7C57B250-1244-4154-B697-3E39F9AAEEE6}.Debug|Win32.Build.0 = Debug|Win32
		{7C57B250-1244-4154-B697-3E39F9AAEEE6}.Debug|x64.ActiveCfg = Debug|x64
		{7C57B250-1244-4154-B697-3E39F9AAEEE6}.Debug|x64.Build.0 = Debug|x64
		{7C57B250-1244-4154-B697-3E39F9AAEEE6}.Release|Win32.ActiveCfg = Release|Win32
		{7C57B250-1244-4154-B697-3E39F9AAEEE6}.Release|Win32.Build.0 = Release|Win32
		{7C57B250-1244-4154-B697-3E39F9AAEEE6}.Release|x64.ActiveCfg = Release|x64
		{7C57B250-1244-4154-B697-3E39F9AAEEE6}.Release|x64.Build.0 = Release|x64
		{52A8644C-BF0C-4A6B-BEB5-18275E2E78F9}.Debug (Proxy mode)|Win32.ActiveCfg = Debug|Win32
		{52A8644C-BF0C-4A6B-BEB5-18275E2E78F9}.Debug (Proxy mode)|Win32.Build.0 = Debug|Win32
		{52A8644C-BF0C-4A6B-BEB5-18275E2E78F9}.Debug (Proxy mode)|x64.ActiveCfg = Debug|x64
		{52A8644C-BF0C-4A6B-BEB5-18275E2E78F9}.Debug (Proxy mode)|x64.Build.0 = Debug|x64
		{52A8644C-BF0C-4A6B-BEB5-18275E2E78F9}.Debug|Win32.ActiveCfg = Debug|Win32
		{52A8644C-BF0C-4A6B-BEB5-18275E2E78F9}.Debug|Win32.Build.0 = Debug|Win32
		{52A8644C-BF0C-4A6B-BEB5-18275E2E78F9}.Debug|x64.ActiveCfg = Debug|x64
		{52A8644C-BF0C-4A6B-BEB5-18275E2E78F9}.Debug|x64.Build.0 = Debug|x64
		{52A8644C-BF0C-4A6B-BEB5-18275E2E78F9}.Release|Win32.ActiveCfg = Release (static CRT)|Win32
		{52A8644C-BF0C-4A6B-BEB5-18275E2E78F9}.Release|Win32.Build.0 = Release (static CRT)|Win32
		{52A8644C-BF0C-4A6B-BEB5-18275E2E78F9}.Release|x64.ActiveCfg = Release (static CRT)|x64
		{52A8644C-BF0C-4A6B-BEB5-18275E2E78F9}.Release|x64.Build.0 = Release (static CRT)|x64
	EndGlobalSection
	GlobalSection(SolutionProperties) = preSolution
		HideSolutionNode = FALSE
	EndGlobalSection
EndGlobal
